// !$*UTF8*$!
{
	archiveVersion = 1;
	classes = {
	};
	objectVersion = 50;
	objects = {

/* Begin PBXBuildFile section */
		C839166F24EBD1B300E96B5A /* AppDelegate.swift in Sources */ = {isa = PBXBuildFile; fileRef = C839166E24EBD1B300E96B5A /* AppDelegate.swift */; };
		C839167124EBD1B300E96B5A /* SceneDelegate.swift in Sources */ = {isa = PBXBuildFile; fileRef = C839167024EBD1B300E96B5A /* SceneDelegate.swift */; };
		C839167324EBD1B300E96B5A /* ViewController.swift in Sources */ = {isa = PBXBuildFile; fileRef = C839167224EBD1B300E96B5A /* ViewController.swift */; };
		C839167624EBD1B300E96B5A /* Main.storyboard in Resources */ = {isa = PBXBuildFile; fileRef = C839167424EBD1B300E96B5A /* Main.storyboard */; };
		C839167824EBD1B700E96B5A /* Assets.xcassets in Resources */ = {isa = PBXBuildFile; fileRef = C839167724EBD1B700E96B5A /* Assets.xcassets */; };
		C839167B24EBD1B700E96B5A /* LaunchScreen.storyboard in Resources */ = {isa = PBXBuildFile; fileRef = C839167924EBD1B700E96B5A /* LaunchScreen.storyboard */; };
		C839168624EBD1B700E96B5A /* ExampleTests.swift in Sources */ = {isa = PBXBuildFile; fileRef = C839168524EBD1B700E96B5A /* ExampleTests.swift */; };
		C839169124EBD1D300E96B5A /* FeedLoader.swift in Sources */ = {isa = PBXBuildFile; fileRef = C839169024EBD1D300E96B5A /* FeedLoader.swift */; };
/* End PBXBuildFile section */

/* Begin PBXContainerItemProxy section */
		C839168224EBD1B700E96B5A /* PBXContainerItemProxy */ = {
			isa = PBXContainerItemProxy;
			containerPortal = C839166324EBD1B300E96B5A /* Project object */;
			proxyType = 1;
			remoteGlobalIDString = C839166A24EBD1B300E96B5A;
			remoteInfo = Example;
		};
/* End PBXContainerItemProxy section */

/* Begin PBXFileReference section */
		C839166B24EBD1B300E96B5A /* Example.app */ = {isa = PBXFileReference; explicitFileType = wrapper.application; includeInIndex = 0; path = Example.app; sourceTree = BUILT_PRODUCTS_DIR; };
		C839166E24EBD1B300E96B5A /* AppDelegate.swift */ = {isa = PBXFileReference; lastKnownFileType = sourcecode.swift; path = AppDelegate.swift; sourceTree = "<group>"; };
		C839167024EBD1B300E96B5A /* SceneDelegate.swift */ = {isa = PBXFileReference; lastKnownFileType = sourcecode.swift; path = SceneDelegate.swift; sourceTree = "<group>"; };
		C839167224EBD1B300E96B5A /* ViewController.swift */ = {isa = PBXFileReference; lastKnownFileType = sourcecode.swift; path = ViewController.swift; sourceTree = "<group>"; };
		C839167524EBD1B300E96B5A /* Base */ = {isa = PBXFileReference; lastKnownFileType = file.storyboard; name = Base; path = Base.lproj/Main.storyboard; sourceTree = "<group>"; };
		C839167724EBD1B700E96B5A /* Assets.xcassets */ = {isa = PBXFileReference; lastKnownFileType = folder.assetcatalog; path = Assets.xcassets; sourceTree = "<group>"; };
		C839167A24EBD1B700E96B5A /* Base */ = {isa = PBXFileReference; lastKnownFileType = file.storyboard; name = Base; path = Base.lproj/LaunchScreen.storyboard; sourceTree = "<group>"; };
		C839167C24EBD1B700E96B5A /* Info.plist */ = {isa = PBXFileReference; lastKnownFileType = text.plist.xml; path = Info.plist; sourceTree = "<group>"; };
		C839168124EBD1B700E96B5A /* ExampleTests.xctest */ = {isa = PBXFileReference; explicitFileType = wrapper.cfbundle; includeInIndex = 0; path = ExampleTests.xctest; sourceTree = BUILT_PRODUCTS_DIR; };
		C839168524EBD1B700E96B5A /* ExampleTests.swift */ = {isa = PBXFileReference; lastKnownFileType = sourcecode.swift; path = ExampleTests.swift; sourceTree = "<group>"; };
		C839168724EBD1B700E96B5A /* Info.plist */ = {isa = PBXFileReference; lastKnownFileType = text.plist.xml; name = Info.plist; path = ExampleTests/Info.plist; sourceTree = SOURCE_ROOT; };
		C839169024EBD1D300E96B5A /* FeedLoader.swift */ = {isa = PBXFileReference; lastKnownFileType = sourcecode.swift; path = FeedLoader.swift; sourceTree = "<group>"; };
/* End PBXFileReference section */

/* Begin PBXFrameworksBuildPhase section */
		C839166824EBD1B300E96B5A /* Frameworks */ = {
			isa = PBXFrameworksBuildPhase;
			buildActionMask = 2147483647;
			files = (
			);
			runOnlyForDeploymentPostprocessing = 0;
		};
		C839167E24EBD1B700E96B5A /* Frameworks */ = {
			isa = PBXFrameworksBuildPhase;
			buildActionMask = 2147483647;
			files = (
			);
			runOnlyForDeploymentPostprocessing = 0;
		};
/* End PBXFrameworksBuildPhase section */

/* Begin PBXGroup section */
		C839166224EBD1B300E96B5A = {
			isa = PBXGroup;
			children = (
				C839166D24EBD1B300E96B5A /* Example */,
				C839168424EBD1B700E96B5A /* ExampleTests */,
				C839166C24EBD1B300E96B5A /* Products */,
			);
			sourceTree = "<group>";
		};
		C839166C24EBD1B300E96B5A /* Products */ = {
			isa = PBXGroup;
			children = (
				C839166B24EBD1B300E96B5A /* Example.app */,
				C839168124EBD1B700E96B5A /* ExampleTests.xctest */,
			);
			name = Products;
			sourceTree = "<group>";
		};
		C839166D24EBD1B300E96B5A /* Example */ = {
			isa = PBXGroup;
			children = (
				C839166E24EBD1B300E96B5A /* AppDelegate.swift */,
				C839167024EBD1B300E96B5A /* SceneDelegate.swift */,
				C839167224EBD1B300E96B5A /* ViewController.swift */,
				C839168724EBD1B700E96B5A /* Info.plist */,
				C839167424EBD1B300E96B5A /* Main.storyboard */,
				C839167724EBD1B700E96B5A /* Assets.xcassets */,
				C839167924EBD1B700E96B5A /* LaunchScreen.storyboard */,
				C839167C24EBD1B700E96B5A /* Info.plist */,
			);
			path = Example;
			sourceTree = "<group>";
		};
		C839168424EBD1B700E96B5A /* ExampleTests */ = {
			isa = PBXGroup;
			children = (
				C839168524EBD1B700E96B5A /* ExampleTests.swift */,
				C839169024EBD1D300E96B5A /* FeedLoader.swift */,
			);
			path = ExampleTests;
			sourceTree = "<group>";
		};
/* End PBXGroup section */

/* Begin PBXNativeTarget section */
		C839166A24EBD1B300E96B5A /* Example */ = {
			isa = PBXNativeTarget;
			buildConfigurationList = C839168A24EBD1B700E96B5A /* Build configuration list for PBXNativeTarget "Example" */;
			buildPhases = (
				C839166724EBD1B300E96B5A /* Sources */,
				C839166824EBD1B300E96B5A /* Frameworks */,
				C839166924EBD1B300E96B5A /* Resources */,
			);
			buildRules = (
			);
			dependencies = (
			);
			name = Example;
			productName = Example;
			productReference = C839166B24EBD1B300E96B5A /* Example.app */;
			productType = "com.apple.product-type.application";
		};
		C839168024EBD1B700E96B5A /* ExampleTests */ = {
			isa = PBXNativeTarget;
			buildConfigurationList = C839168D24EBD1B700E96B5A /* Build configuration list for PBXNativeTarget "ExampleTests" */;
			buildPhases = (
				C839167D24EBD1B700E96B5A /* Sources */,
				C839167E24EBD1B700E96B5A /* Frameworks */,
				C839167F24EBD1B700E96B5A /* Resources */,
			);
			buildRules = (
			);
			dependencies = (
				C839168324EBD1B700E96B5A /* PBXTargetDependency */,
			);
			name = ExampleTests;
			productName = ExampleTests;
			productReference = C839168124EBD1B700E96B5A /* ExampleTests.xctest */;
			productType = "com.apple.product-type.bundle.unit-test";
		};
/* End PBXNativeTarget section */

/* Begin PBXProject section */
		C839166324EBD1B300E96B5A /* Project object */ = {
			isa = PBXProject;
			attributes = {
				LastSwiftUpdateCheck = 1150;
				LastUpgradeCheck = 1150;
				ORGANIZATIONNAME = "George Liu";
				TargetAttributes = {
					C839166A24EBD1B300E96B5A = {
						CreatedOnToolsVersion = 11.5;
					};
					C839168024EBD1B700E96B5A = {
						CreatedOnToolsVersion = 11.5;
						TestTargetID = C839166A24EBD1B300E96B5A;
					};
				};
			};
			buildConfigurationList = C839166624EBD1B300E96B5A /* Build configuration list for PBXProject "Example" */;
			compatibilityVersion = "Xcode 9.3";
			developmentRegion = en;
			hasScannedForEncodings = 0;
			knownRegions = (
				en,
				Base,
			);
			mainGroup = C839166224EBD1B300E96B5A;
			productRefGroup = C839166C24EBD1B300E96B5A /* Products */;
			projectDirPath = "";
			projectRoot = "";
			targets = (
				C839166A24EBD1B300E96B5A /* Example */,
				C839168024EBD1B700E96B5A /* ExampleTests */,
			);
		};
/* End PBXProject section */

/* Begin PBXResourcesBuildPhase section */
		C839166924EBD1B300E96B5A /* Resources */ = {
			isa = PBXResourcesBuildPhase;
			buildActionMask = 2147483647;
			files = (
				C839167B24EBD1B700E96B5A /* LaunchScreen.storyboard in Resources */,
				C839167824EBD1B700E96B5A /* Assets.xcassets in Resources */,
				C839167624EBD1B300E96B5A /* Main.storyboard in Resources */,
			);
			runOnlyForDeploymentPostprocessing = 0;
		};
		C839167F24EBD1B700E96B5A /* Resources */ = {
			isa = PBXResourcesBuildPhase;
			buildActionMask = 2147483647;
			files = (
			);
			runOnlyForDeploymentPostprocessing = 0;
		};
/* End PBXResourcesBuildPhase section */

/* Begin PBXSourcesBuildPhase section */
		C839166724EBD1B300E96B5A /* Sources */ = {
			isa = PBXSourcesBuildPhase;
			buildActionMask = 2147483647;
			files = (
				C839167324EBD1B300E96B5A /* ViewController.swift in Sources */,
				C839166F24EBD1B300E96B5A /* AppDelegate.swift in Sources */,
				C839167124EBD1B300E96B5A /* SceneDelegate.swift in Sources */,
			);
			runOnlyForDeploymentPostprocessing = 0;
		};
		C839167D24EBD1B700E96B5A /* Sources */ = {
			isa = PBXSourcesBuildPhase;
			buildActionMask = 2147483647;
			files = (
				C839169124EBD1D300E96B5A /* FeedLoader.swift in Sources */,
				C839168624EBD1B700E96B5A /* ExampleTests.swift in Sources */,
			);
			runOnlyForDeploymentPostprocessing = 0;
		};
/* End PBXSourcesBuildPhase section */

/* Begin PBXTargetDependency section */
		C839168324EBD1B700E96B5A /* PBXTargetDependency */ = {
			isa = PBXTargetDependency;
			target = C839166A24EBD1B300E96B5A /* Example */;
			targetProxy = C839168224EBD1B700E96B5A /* PBXContainerItemProxy */;
		};
/* End PBXTargetDependency section */

/* Begin PBXVariantGroup section */
		C839167424EBD1B300E96B5A /* Main.storyboard */ = {
			isa = PBXVariantGroup;
			children = (
				C839167524EBD1B300E96B5A /* Base */,
			);
			name = Main.storyboard;
			sourceTree = "<group>";
		};
		C839167924EBD1B700E96B5A /* LaunchScreen.storyboard */ = {
			isa = PBXVariantGroup;
			children = (
				C839167A24EBD1B700E96B5A /* Base */,
			);
			name = LaunchScreen.storyboard;
			sourceTree = "<group>";
		};
/* End PBXVariantGroup section */

/* Begin XCBuildConfiguration section */
		C839168824EBD1B700E96B5A /* Debug */ = {
			isa = XCBuildConfiguration;
			buildSettings = {
				ALWAYS_SEARCH_USER_PATHS = NO;
				CLANG_ANALYZER_NONNULL = YES;
				CLANG_ANALYZER_NUMBER_OBJECT_CONVERSION = YES_AGGRESSIVE;
				CLANG_CXX_LANGUAGE_STANDARD = "gnu++14";
				CLANG_CXX_LIBRARY = "libc++";
				CLANG_ENABLE_MODULES = YES;
				CLANG_ENABLE_OBJC_ARC = YES;
				CLANG_ENABLE_OBJC_WEAK = YES;
				CLANG_WARN_BLOCK_CAPTURE_AUTORELEASING = YES;
				CLANG_WARN_BOOL_CONVERSION = YES;
				CLANG_WARN_COMMA = YES;
				CLANG_WARN_CONSTANT_CONVERSION = YES;
				CLANG_WARN_DEPRECATED_OBJC_IMPLEMENTATIONS = YES;
				CLANG_WARN_DIRECT_OBJC_ISA_USAGE = YES_ERROR;
				CLANG_WARN_DOCUMENTATION_COMMENTS = YES;
				CLANG_WARN_EMPTY_BODY = YES;
				CLANG_WARN_ENUM_CONVERSION = YES;
				CLANG_WARN_INFINITE_RECURSION = YES;
				CLANG_WARN_INT_CONVERSION = YES;
				CLANG_WARN_NON_LITERAL_NULL_CONVERSION = YES;
				CLANG_WARN_OBJC_IMPLICIT_RETAIN_SELF = YES;
				CLANG_WARN_OBJC_LITERAL_CONVERSION = YES;
				CLANG_WARN_OBJC_ROOT_CLASS = YES_ERROR;
				CLANG_WARN_RANGE_LOOP_ANALYSIS = YES;
				CLANG_WARN_STRICT_PROTOTYPES = YES;
				CLANG_WARN_SUSPICIOUS_MOVE = YES;
				CLANG_WARN_UNGUARDED_AVAILABILITY = YES_AGGRESSIVE;
				CLANG_WARN_UNREACHABLE_CODE = YES;
				CLANG_WARN__DUPLICATE_METHOD_MATCH = YES;
				COPY_PHASE_STRIP = NO;
				DEBUG_INFORMATION_FORMAT = dwarf;
				ENABLE_STRICT_OBJC_MSGSEND = YES;
				ENABLE_TESTABILITY = YES;
				GCC_C_LANGUAGE_STANDARD = gnu11;
				GCC_DYNAMIC_NO_PIC = NO;
				GCC_NO_COMMON_BLOCKS = YES;
				GCC_OPTIMIZATION_LEVEL = 0;
				GCC_PREPROCESSOR_DEFINITIONS = (
					"DEBUG=1",
					"$(inherited)",
				);
				GCC_WARN_64_TO_32_BIT_CONVERSION = YES;
				GCC_WARN_ABOUT_RETURN_TYPE = YES_ERROR;
				GCC_WARN_UNDECLARED_SELECTOR = YES;
				GCC_WARN_UNINITIALIZED_AUTOS = YES_AGGRESSIVE;
				GCC_WARN_UNUSED_FUNCTION = YES;
				GCC_WARN_UNUSED_VARIABLE = YES;
				IPHONEOS_DEPLOYMENT_TARGET = 13.5;
				MTL_ENABLE_DEBUG_INFO = INCLUDE_SOURCE;
				MTL_FAST_MATH = YES;
				ONLY_ACTIVE_ARCH = YES;
				SDKROOT = iphoneos;
				SWIFT_ACTIVE_COMPILATION_CONDITIONS = DEBUG;
				SWIFT_OPTIMIZATION_LEVEL = "-Onone";
			};
			name = Debug;
		};
		C839168924EBD1B700E96B5A /* Release */ = {
			isa = XCBuildConfiguration;
			buildSettings = {
				ALWAYS_SEARCH_USER_PATHS = NO;
				CLANG_ANALYZER_NONNULL = YES;
				CLANG_ANALYZER_NUMBER_OBJECT_CONVERSION = YES_AGGRESSIVE;
				CLANG_CXX_LANGUAGE_STANDARD = "gnu++14";
				CLANG_CXX_LIBRARY = "libc++";
				CLANG_ENABLE_MODULES = YES;
				CLANG_ENABLE_OBJC_ARC = YES;
				CLANG_ENABLE_OBJC_WEAK = YES;
				CLANG_WARN_BLOCK_CAPTURE_AUTORELEASING = YES;
				CLANG_WARN_BOOL_CONVERSION = YES;
				CLANG_WARN_COMMA = YES;
				CLANG_WARN_CONSTANT_CONVERSION = YES;
				CLANG_WARN_DEPRECATED_OBJC_IMPLEMENTATIONS = YES;
				CLANG_WARN_DIRECT_OBJC_ISA_USAGE = YES_ERROR;
				CLANG_WARN_DOCUMENTATION_COMMENTS = YES;
				CLANG_WARN_EMPTY_BODY = YES;
				CLANG_WARN_ENUM_CONVERSION = YES;
				CLANG_WARN_INFINITE_RECURSION = YES;
				CLANG_WARN_INT_CONVERSION = YES;
				CLANG_WARN_NON_LITERAL_NULL_CONVERSION = YES;
				CLANG_WARN_OBJC_IMPLICIT_RETAIN_SELF = YES;
				CLANG_WARN_OBJC_LITERAL_CONVERSION = YES;
				CLANG_WARN_OBJC_ROOT_CLASS = YES_ERROR;
				CLANG_WARN_RANGE_LOOP_ANALYSIS = YES;
				CLANG_WARN_STRICT_PROTOTYPES = YES;
				CLANG_WARN_SUSPICIOUS_MOVE = YES;
				CLANG_WARN_UNGUARDED_AVAILABILITY = YES_AGGRESSIVE;
				CLANG_WARN_UNREACHABLE_CODE = YES;
				CLANG_WARN__DUPLICATE_METHOD_MATCH = YES;
				COPY_PHASE_STRIP = NO;
				DEBUG_INFORMATION_FORMAT = "dwarf-with-dsym";
				ENABLE_NS_ASSERTIONS = NO;
				ENABLE_STRICT_OBJC_MSGSEND = YES;
				GCC_C_LANGUAGE_STANDARD = gnu11;
				GCC_NO_COMMON_BLOCKS = YES;
				GCC_WARN_64_TO_32_BIT_CONVERSION = YES;
				GCC_WARN_ABOUT_RETURN_TYPE = YES_ERROR;
				GCC_WARN_UNDECLARED_SELECTOR = YES;
				GCC_WARN_UNINITIALIZED_AUTOS = YES_AGGRESSIVE;
				GCC_WARN_UNUSED_FUNCTION = YES;
				GCC_WARN_UNUSED_VARIABLE = YES;
				IPHONEOS_DEPLOYMENT_TARGET = 13.5;
				MTL_ENABLE_DEBUG_INFO = NO;
				MTL_FAST_MATH = YES;
				SDKROOT = iphoneos;
				SWIFT_COMPILATION_MODE = wholemodule;
				SWIFT_OPTIMIZATION_LEVEL = "-O";
				VALIDATE_PRODUCT = YES;
			};
			name = Release;
		};
		C839168B24EBD1B700E96B5A /* Debug */ = {
			isa = XCBuildConfiguration;
			buildSettings = {
				ASSETCATALOG_COMPILER_APPICON_NAME = AppIcon;
				CODE_SIGN_STYLE = Automatic;
				INFOPLIST_FILE = Example/Info.plist;
				LD_RUNPATH_SEARCH_PATHS = (
					"$(inherited)",
					"@executable_path/Frameworks",
				);
				PRODUCT_BUNDLE_IDENTIFIER = com.george.Example;
				PRODUCT_NAME = "$(TARGET_NAME)";
				SWIFT_VERSION = 5.0;
				TARGETED_DEVICE_FAMILY = "1,2";
			};
			name = Debug;
		};
		C839168C24EBD1B700E96B5A /* Release */ = {
			isa = XCBuildConfiguration;
			buildSettings = {
				ASSETCATALOG_COMPILER_APPICON_NAME = AppIcon;
				CODE_SIGN_STYLE = Automatic;
				INFOPLIST_FILE = Example/Info.plist;
				LD_RUNPATH_SEARCH_PATHS = (
					"$(inherited)",
					"@executable_path/Frameworks",
				);
				PRODUCT_BUNDLE_IDENTIFIER = com.george.Example;
				PRODUCT_NAME = "$(TARGET_NAME)";
				SWIFT_VERSION = 5.0;
				TARGETED_DEVICE_FAMILY = "1,2";
			};
			name = Release;
		};
		C839168E24EBD1B700E96B5A /* Debug */ = {
			isa = XCBuildConfiguration;
			buildSettings = {
				ALWAYS_EMBED_SWIFT_STANDARD_LIBRARIES = YES;
				BUNDLE_LOADER = "$(TEST_HOST)";
				CODE_SIGN_STYLE = Automatic;
				INFOPLIST_FILE = ExampleTests/Info.plist;
				IPHONEOS_DEPLOYMENT_TARGET = 13.5;
				LD_RUNPATH_SEARCH_PATHS = (
					"$(inherited)",
					"@executable_path/Frameworks",
					"@loader_path/Frameworks",
				);
				PRODUCT_BUNDLE_IDENTIFIER = com.george.ExampleTests;
				PRODUCT_NAME = "$(TARGET_NAME)";
				SWIFT_VERSION = 5.0;
				TARGETED_DEVICE_FAMILY = "1,2";
				TEST_HOST = "$(BUILT_PRODUCTS_DIR)/Example.app/Example";
			};
			name = Debug;
		};
		C839168F24EBD1B700E96B5A /* Release */ = {
			isa = XCBuildConfiguration;
			buildSettings = {
				ALWAYS_EMBED_SWIFT_STANDARD_LIBRARIES = YES;
				BUNDLE_LOADER = "$(TEST_HOST)";
				CODE_SIGN_STYLE = Automatic;
				INFOPLIST_FILE = ExampleTests/Info.plist;
				IPHONEOS_DEPLOYMENT_TARGET = 13.5;
				LD_RUNPATH_SEARCH_PATHS = (
					"$(inherited)",
					"@executable_path/Frameworks",
					"@loader_path/Frameworks",
				);
				PRODUCT_BUNDLE_IDENTIFIER = com.george.ExampleTests;
				PRODUCT_NAME = "$(TARGET_NAME)";
				SWIFT_VERSION = 5.0;
				TARGETED_DEVICE_FAMILY = "1,2";
				TEST_HOST = "$(BUILT_PRODUCTS_DIR)/Example.app/Example";
			};
			name = Release;
		};
/* End XCBuildConfiguration section */

/* Begin XCConfigurationList section */
		C839166624EBD1B300E96B5A /* Build configuration list for PBXProject "Example" */ = {
			isa = XCConfigurationList;
			buildConfigurations = (
				C839168824EBD1B700E96B5A /* Debug */,
				C839168924EBD1B700E96B5A /* Release */,
			);
			defaultConfigurationIsVisible = 0;
			defaultConfigurationName = Release;
		};
		C839168A24EBD1B700E96B5A /* Build configuration list for PBXNativeTarget "Example" */ = {
			isa = XCConfigurationList;
			buildConfigurations = (
				C839168B24EBD1B700E96B5A /* Debug */,
				C839168C24EBD1B700E96B5A /* Release */,
			);
			defaultConfigurationIsVisible = 0;
			defaultConfigurationName = Release;
		};
		C839168D24EBD1B700E96B5A /* Build configuration list for PBXNativeTarget "ExampleTests" */ = {
			isa = XCConfigurationList;
			buildConfigurations = (
				C839168E24EBD1B700E96B5A /* Debug */,
				C839168F24EBD1B700E96B5A /* Release */,
			);
			defaultConfigurationIsVisible = 0;
			defaultConfigurationName = Release;
		};
/* End XCConfigurationList section */
	};
	rootObject = C839166324EBD1B300E96B5A /* Project object */;
}
